// !$*UTF8*$!
{
	archiveVersion = 1;
	classes = {
	};
	objectVersion = 46;
	objects = {

/* Begin PBXBuildFile section */
		DE56570B1E6677D70005A46A /* AppDelegate.swift in Sources */ = {isa = PBXBuildFile; fileRef = DE56570A1E6677D70005A46A /* AppDelegate.swift */; };
		DE56570D1E6677D70005A46A /* ViewController.swift in Sources */ = {isa = PBXBuildFile; fileRef = DE56570C1E6677D70005A46A /* ViewController.swift */; };
		DE5657101E6677D70005A46A /* Main.storyboard in Resources */ = {isa = PBXBuildFile; fileRef = DE56570E1E6677D70005A46A /* Main.storyboard */; };
		DE5657121E6677D70005A46A /* Assets.xcassets in Resources */ = {isa = PBXBuildFile; fileRef = DE5657111E6677D70005A46A /* Assets.xcassets */; };
		DE5657151E6677D70005A46A /* LaunchScreen.storyboard in Resources */ = {isa = PBXBuildFile; fileRef = DE5657131E6677D70005A46A /* LaunchScreen.storyboard */; };
/* End PBXBuildFile section */

/* Begin PBXFileReference section */
		DE5657071E6677D60005A46A /* isItPrime2.app */ = {isa = PBXFileReference; explicitFileType = wrapper.application; includeInIndex = 0; path = isItPrime2.app; sourceTree = BUILT_PRODUCTS_DIR; };
		DE56570A1E6677D70005A46A /* AppDelegate.swift */ = {isa = PBXFileReference; lastKnownFileType = sourcecode.swift; path = AppDelegate.swift; sourceTree = "<group>"; };
		DE56570C1E6677D70005A46A /* ViewController.swift */ = {isa = PBXFileReference; lastKnownFileType = sourcecode.swift; path = ViewController.swift; sourceTree = "<group>"; };
		DE56570F1E6677D70005A46A /* Base */ = {isa = PBXFileReference; lastKnownFileType = file.storyboard; name = Base; path = Base.lproj/Main.storyboard; sourceTree = "<group>"; };
		DE5657111E6677D70005A46A /* Assets.xcassets */ = {isa = PBXFileReference; lastKnownFileType = folder.assetcatalog; path = Assets.xcassets; sourceTree = "<group>"; };
		DE5657141E6677D70005A46A /* Base */ = {isa = PBXFileReference; lastKnownFileType = file.storyboard; name = Base; path = Base.lproj/LaunchScreen.storyboard; sourceTree = "<group>"; };
		DE5657161E6677D70005A46A /* Info.plist */ = {isa = PBXFileReference; lastKnownFileType = text.plist.xml; path = Info.plist; sourceTree = "<group>"; };
/* End PBXFileReference section */

/* Begin PBXFrameworksBuildPhase section */
		DE5657041E6677D60005A46A /* Frameworks */ = {
			isa = PBXFrameworksBuildPhase;
			buildActionMask = 2147483647;
			files = (
			);
			runOnlyForDeploymentPostprocessing = 0;
		};
/* End PBXFrameworksBuildPhase section */

/* Begin PBXGroup section */
		DE5656FE1E6677D60005A46A = {
			isa = PBXGroup;
			children = (
				DE5657091E6677D60005A46A /* isItPrime2 */,
				DE5657081E6677D60005A46A /* Products */,
			);
			sourceTree = "<group>";
		};
		DE5657081E6677D60005A46A /* Products */ = {
			isa = PBXGroup;
			children = (
				DE5657071E6677D60005A46A /* isItPrime2.app */,
			);
			name = Products;
			sourceTree = "<group>";
		};
		DE5657091E6677D60005A46A /* isItPrime2 */ = {
			isa = PBXGroup;
			children = (
				DE56570A1E6677D70005A46A /* AppDelegate.swift */,
				DE56570C1E6677D70005A46A /* ViewController.swift */,
				DE56570E1E6677D70005A46A /* Main.storyboard */,
				DE5657111E6677D70005A46A /* Assets.xcassets */,
				DE5657131E6677D70005A46A /* LaunchScreen.storyboard */,
				DE5657161E6677D70005A46A /* Info.plist */,
			);
			path = isItPrime2;
			sourceTree = "<group>";
		};
/* End PBXGroup section */

/* Begin PBXNativeTarget section */
		DE5657061E6677D60005A46A /* isItPrime2 */ = {
			isa = PBXNativeTarget;
			buildConfigurationList = DE5657191E6677D70005A46A /* Build configuration list for PBXNativeTarget "isItPrime2" */;
			buildPhases = (
				DE5657031E6677D60005A46A /* Sources */,
				DE5657041E6677D60005A46A /* Frameworks */,
				DE5657051E6677D60005A46A /* Resources */,
			);
			buildRules = (
			);
			dependencies = (
			);
			name = isItPrime2;
			productName = isItPrime2;
			productReference = DE5657071E6677D60005A46A /* isItPrime2.app */;
			productType = "com.apple.product-type.application";
		};
/* End PBXNativeTarget section */

/* Begin PBXProject section */
		DE5656FF1E6677D60005A46A /* Project object */ = {
			isa = PBXProject;
			attributes = {
				LastSwiftUpdateCheck = 0820;
				LastUpgradeCheck = 0820;
				ORGANIZATIONNAME = "Dumb Unicorn";
				TargetAttributes = {
					DE5657061E6677D60005A46A = {
						CreatedOnToolsVersion = 8.2.1;
						DevelopmentTeam = 42ESUZ8BZJ;
						ProvisioningStyle = Automatic;
					};
				};
			};
			buildConfigurationList = DE5657021E6677D60005A46A /* Build configuration list for PBXProject "isItPrime2" */;
			compatibilityVersion = "Xcode 3.2";
			developmentRegion = English;
			hasScannedForEncodings = 0;
			knownRegions = (
				en,
				Base,
			);
			mainGroup = DE5656FE1E6677D60005A46A;
			productRefGroup = DE5657081E6677D60005A46A /* Products */;
			projectDirPath = "";
			projectRoot = "";
			targets = (
				DE5657061E6677D60005A46A /* isItPrime2 */,
			);
		};
/* End PBXProject section */

/* Begin PBXResourcesBuildPhase section */
		DE5657051E6677D60005A46A /* Resources */ = {
			isa = PBXResourcesBuildPhase;
			buildActionMask = 2147483647;
			files = (
				DE5657151E6677D70005A46A /* LaunchScreen.storyboard in Resources */,
				DE5657121E6677D70005A46A /* Assets.xcassets in Resources */,
				DE5657101E6677D70005A46A /* Main.storyboard in Resources */,
			);
			runOnlyForDeploymentPostprocessing = 0;
		};
/* End PBXResourcesBuildPhase section */

/* Begin PBXSourcesBuildPhase section */
		DE5657031E6677D60005A46A /* Sources */ = {
			isa = PBXSourcesBuildPhase;
			buildActionMask = 2147483647;
			files = (
				DE56570D1E6677D70005A46A /* ViewController.swift in Sources */,
				DE56570B1E6677D70005A46A /* AppDelegate.swift in Sources */,
			);
			runOnlyForDeploymentPostprocessing = 0;
		};
/* End PBXSourcesBuildPhase section */

/* Begin PBXVariantGroup section */
		DE56570E1E6677D70005A46A /* Main.storyboard */ = {
			isa = PBXVariantGroup;
			children = (
				DE56570F1E6677D70005A46A /* Base */,
			);
			name = Main.storyboard;
			sourceTree = "<group>";
		};
		DE5657131E6677D70005A46A /* LaunchScreen.storyboard */ = {
			isa = PBXVariantGroup;
			children = (
				DE5657141E6677D70005A46A /* Base */,
			);
			name = LaunchScreen.storyboard;
			sourceTree = "<group>";
		};
/* End PBXVariantGroup section */

/* Begin XCBuildConfiguration section */
		DE5657171E6677D70005A46A /* Debug */ = {
			isa = XCBuildConfiguration;
			buildSettings = {
				ALWAYS_SEARCH_USER_PATHS = NO;
				CLANG_ANALYZER_NONNULL = YES;
				CLANG_CXX_LANGUAGE_STANDARD = "gnu++0x";
				CLANG_CXX_LIBRARY = "libc++";
				CLANG_ENABLE_MODULES = YES;
				CLANG_ENABLE_OBJC_ARC = YES;
				CLANG_WARN_BOOL_CONVERSION = YES;
				CLANG_WARN_CONSTANT_CONVERSION = YES;
				CLANG_WARN_DIRECT_OBJC_ISA_USAGE = YES_ERROR;
				CLANG_WARN_DOCUMENTATION_COMMENTS = YES;
				CLANG_WARN_EMPTY_BODY = YES;
				CLANG_WARN_ENUM_CONVERSION = YES;
				CLANG_WARN_INFINITE_RECURSION = YES;
				CLANG_WARN_INT_CONVERSION = YES;
				CLANG_WARN_OBJC_ROOT_CLASS = YES_ERROR;
				CLANG_WARN_SUSPICIOUS_MOVE = YES;
				CLANG_WARN_UNREACHABLE_CODE = YES;
				CLANG_WARN__DUPLICATE_METHOD_MATCH = YES;
				"CODE_SIGN_IDENTITY[sdk=iphoneos*]" = "iPhone Developer";
				COPY_PHASE_STRIP = NO;
				DEBUG_INFORMATION_FORMAT = dwarf;
				ENABLE_STRICT_OBJC_MSGSEND = YES;
				ENABLE_TESTABILITY = YES;
				GCC_C_LANGUAGE_STANDARD = gnu99;
				GCC_DYNAMIC_NO_PIC = NO;
				GCC_NO_COMMON_BLOCKS = YES;
				GCC_OPTIMIZATION_LEVEL = 0;
				GCC_PREPROCESSOR_DEFINITIONS = (
					"DEBUG=1",
					"$(inherited)",
				);
				GCC_WARN_64_TO_32_BIT_CONVERSION = YES;
				GCC_WARN_ABOUT_RETURN_TYPE = YES_ERROR;
				GCC_WARN_UNDECLARED_SELECTOR = YES;
				GCC_WARN_UNINITIALIZED_AUTOS = YES_AGGRESSIVE;
				GCC_WARN_UNUSED_FUNCTION = YES;
				GCC_WARN_UNUSED_VARIABLE = YES;
				IPHONEOS_DEPLOYMENT_TARGET = 10.2;
				MTL_ENABLE_DEBUG_INFO = YES;
				ONLY_ACTIVE_ARCH = YES;
				SDKROOT = iphoneos;
				SWIFT_ACTIVE_COMPILATION_CONDITIONS = DEBUG;
				SWIFT_OPTIMIZATION_LEVEL = "-Onone";
			};
			name = Debug;
		};
		DE5657181E6677D70005A46A /* Release */ = {
			isa = XCBuildConfiguration;
			buildSettings = {
				ALWAYS_SEARCH_USER_PATHS = NO;
				CLANG_ANALYZER_NONNULL = YES;
				CLANG_CXX_LANGUAGE_STANDARD = "gnu++0x";
				CLANG_CXX_LIBRARY = "libc++";
				CLANG_ENABLE_MODULES = YES;
				CLANG_ENABLE_OBJC_ARC = YES;
				CLANG_WARN_BOOL_CONVERSION = YES;
				CLANG_WARN_CONSTANT_CONVERSION = YES;
				CLANG_WARN_DIRECT_OBJC_ISA_USAGE = YES_ERROR;
				CLANG_WARN_DOCUMENTATION_COMMENTS = YES;
				CLANG_WARN_EMPTY_BODY = YES;
				CLANG_WARN_ENUM_CONVERSION = YES;
				CLANG_WARN_INFINITE_RECURSION = YES;
				CLANG_WARN_INT_CONVERSION = YES;
				CLANG_WARN_OBJC_ROOT_CLASS = YES_ERROR;
				CLANG_WARN_SUSPICIOUS_MOVE = YES;
				CLANG_WARN_UNREACHABLE_CODE = YES;
				CLANG_WARN__DUPLICATE_METHOD_MATCH = YES;
				"CODE_SIGN_IDENTITY[sdk=iphoneos*]" = "iPhone Developer";
				COPY_PHASE_STRIP = NO;
				DEBUG_INFORMATION_FORMAT = "dwarf-with-dsym";
				ENABLE_NS_ASSERTIONS = NO;
				ENABLE_STRICT_OBJC_MSGSEND = YES;
				GCC_C_LANGUAGE_STANDARD = gnu99;
				GCC_NO_COMMON_BLOCKS = YES;
				GCC_WARN_64_TO_32_BIT_CONVERSION = YES;
				GCC_WARN_ABOUT_RETURN_TYPE = YES_ERROR;
				GCC_WARN_UNDECLARED_SELECTOR = YES;
				GCC_WARN_UNINITIALIZED_AUTOS = YES_AGGRESSIVE;
				GCC_WARN_UNUSED_FUNCTION = YES;
				GCC_WARN_UNUSED_VARIABLE = YES;
				IPHONEOS_DEPLOYMENT_TARGET = 10.2;
				MTL_ENABLE_DEBUG_INFO = NO;
				SDKROOT = iphoneos;
				SWIFT_OPTIMIZATION_LEVEL = "-Owholemodule";
				VALIDATE_PRODUCT = YES;
			};
			name = Release;
		};
		DE56571A1E6677D70005A46A /* Debug */ = {
			isa = XCBuildConfiguration;
			buildSettings = {
				ASSETCATALOG_COMPILER_APPICON_NAME = AppIcon;
				DEVELOPMENT_TEAM = 42ESUZ8BZJ;
				INFOPLIST_FILE = isItPrime2/Info.plist;
				LD_RUNPATH_SEARCH_PATHS = "$(inherited) @executable_path/Frameworks";
				PRODUCT_BUNDLE_IDENTIFIER = com.DumbUnicorn.isItPrime2;
				PRODUCT_NAME = "$(TARGET_NAME)";
				SWIFT_VERSION = 3.0;
			};
			name = Debug;
		};
		DE56571B1E6677D70005A46A /* Release */ = {
			isa = XCBuildConfiguration;
			buildSettings = {
				ASSETCATALOG_COMPILER_APPICON_NAME = AppIcon;
				DEVELOPMENT_TEAM = 42ESUZ8BZJ;
				INFOPLIST_FILE = isItPrime2/Info.plist;
				LD_RUNPATH_SEARCH_PATHS = "$(inherited) @executable_path/Frameworks";
				PRODUCT_BUNDLE_IDENTIFIER = com.DumbUnicorn.isItPrime2;
				PRODUCT_NAME = "$(TARGET_NAME)";
				SWIFT_VERSION = 3.0;
			};
			name = Release;
		};
/* End XCBuildConfiguration section */

/* Begin XCConfigurationList section */
		DE5657021E6677D60005A46A /* Build configuration list for PBXProject "isItPrime2" */ = {
			isa = XCConfigurationList;
			buildConfigurations = (
				DE5657171E6677D70005A46A /* Debug */,
				DE5657181E6677D70005A46A /* Release */,
			);
			defaultConfigurationIsVisible = 0;
			defaultConfigurationName = Release;
		};
		DE5657191E6677D70005A46A /* Build configuration list for PBXNativeTarget "isItPrime2" */ = {
			isa = XCConfigurationList;
			buildConfigurations = (
				DE56571A1E6677D70005A46A /* Debug */,
				DE56571B1E6677D70005A46A /* Release */,
			);
			defaultConfigurationIsVisible = 0;
		};
/* End XCConfigurationList section */
	};
	rootObject = DE5656FF1E6677D60005A46A /* Project object */;
}
